<?xml version="1.0" encoding="utf-8"?>
<Project ToolsVersion="4.0" xmlns="http://schemas.microsoft.com/developer/msbuild/2003">
  <ItemGroup>
    <ClCompile Include="src\xbLive.cpp" />
    <ClCompile Include="src\stdafx.cpp" />
    <ClCompile Include="src\backend\hooking.cpp">
      <Filter>src\backend</Filter>
    </ClCompile>
    <ClCompile Include="src\backend\systemHooks.cpp">
      <Filter>src\backend</Filter>
    </ClCompile>
    <ClCompile Include="src\backend\titleHooks.cpp">
      <Filter>src\backend</Filter>
    </ClCompile>
    <ClCompile Include="src\engine\engine.cpp">
      <Filter>src\engine</Filter>
    </ClCompile>
    <ClCompile Include="src\menu\game.cpp">
      <Filter>src\menu</Filter>
    </ClCompile>
    <ClCompile Include="src\menu\menu.cpp">
      <Filter>src\menu</Filter>
    </ClCompile>
    <ClCompile Include="src\menu\renderer.cpp">
      <Filter>src\menu</Filter>
    </ClCompile>
    <ClCompile Include="src\menu\submenu.cpp">
      <Filter>src\menu</Filter>
    </ClCompile>
    <ClCompile Include="src\menu\submenuHandler.cpp">
      <Filter>src\menu</Filter>
    </ClCompile>
    <ClCompile Include="src\menu\options\buttonOption.cpp">
      <Filter>src\menu\options</Filter>
    </ClCompile>
    <ClCompile Include="src\menu\options\colorOption.cpp">
      <Filter>src\menu\options</Filter>
    </ClCompile>
    <ClCompile Include="src\menu\options\numberOption.cpp">
      <Filter>src\menu\options</Filter>
    </ClCompile>
    <ClCompile Include="src\menu\options\option.cpp">
      <Filter>src\menu\options</Filter>
    </ClCompile>
    <ClCompile Include="src\menu\options\scrollOption.cpp">
      <Filter>src\menu\options</Filter>
    </ClCompile>
    <ClCompile Include="src\menu\options\submenuOption.cpp">
      <Filter>src\menu\options</Filter>
    </ClCompile>
    <ClCompile Include="src\menu\options\toggleOption.cpp">
      <Filter>src\menu\options</Filter>
    </ClCompile>
    <ClCompile Include="src\menu\submenus\aimbotMenu.cpp">
      <Filter>src\menu\submenus</Filter>
    </ClCompile>
    <ClCompile Include="src\menu\submenus\hvhMenu.cpp">
      <Filter>src\menu\submenus</Filter>
    </ClCompile>
    <ClCompile Include="src\menu\submenus\mainMenu.cpp">
      <Filter>src\menu\submenus</Filter>
    </ClCompile>
    <ClCompile Include="src\menu\submenus\playersMenu.cpp">
      <Filter>src\menu\submenus</Filter>
    </ClCompile>
    <ClCompile Include="src\menu\submenus\settingsMenu.cpp">
      <Filter>src\menu\submenus</Filter>
    </ClCompile>
    <ClCompile Include="src\menu\submenus\visualMenu.cpp">
      <Filter>src\menu\submenus</Filter>
    </ClCompile>
    <ClCompile Include="src\menu\submenus\color\colorEditorMenu.cpp">
      <Filter>src\menu\submenus\color</Filter>
    </ClCompile>
    <ClCompile Include="src\menu\submenus\main\gamertagManagerMenu.cpp">
      <Filter>src\menu\submenus\main</Filter>
    </ClCompile>
    <ClCompile Include="src\menu\submenus\main\gamertagsMenu.cpp">
      <Filter>src\menu\submenus\main</Filter>
    </ClCompile>
    <ClCompile Include="src\menu\submenus\players\editPlayerMenu.cpp">
      <Filter>src\menu\submenus\players</Filter>
    </ClCompile>
    <ClCompile Include="src\menu\submenus\settings\configMenu.cpp">
      <Filter>src\menu\submenus\settings</Filter>
    </ClCompile>
    <ClCompile Include="src\menu\submenus\visual\compassMenu.cpp">
      <Filter>src\menu\submenus\visual</Filter>
    </ClCompile>
    <ClCompile Include="src\menu\submenus\visual\crosshairMenu.cpp">
      <Filter>src\menu\submenus\visual</Filter>
    </ClCompile>
    <ClCompile Include="src\menu\submenus\visual\espMenu.cpp">
      <Filter>src\menu\submenus\visual</Filter>
    </ClCompile>
    <ClCompile Include="src\menu\submenus\visual\gameInfoMenu.cpp">
      <Filter>src\menu\submenus\visual</Filter>
    </ClCompile>
    <ClCompile Include="src\menu\submenus\visual\indicatorMenu.cpp">
      <Filter>src\menu\submenus\visual</Filter>
    </ClCompile>
    <ClCompile Include="src\security\functionObfuscation.cpp">
      <Filter>src\security</Filter>
    </ClCompile>
    <ClCompile Include="src\security\nativeInvoker.cpp">
      <Filter>src\security</Filter>
    </ClCompile>
    <ClCompile Include="src\security\natives.cpp">
      <Filter>src\security</Filter>
    </ClCompile>
    <ClCompile Include="src\utils\fibers.cpp">
      <Filter>src\utils</Filter>
    </ClCompile>
    <ClCompile Include="src\utils\global.cpp">
      <Filter>src\utils</Filter>
    </ClCompile>
    <ClCompile Include="src\utils\interface.cpp">
      <Filter>src\utils</Filter>
    </ClCompile>
    <ClCompile Include="src\utils\log.cpp">
      <Filter>src\utils</Filter>
    </ClCompile>
    <ClCompile Include="src\utils\patches.cpp">
      <Filter>src\utils</Filter>
    </ClCompile>
    <ClCompile Include="src\utils\utils.cpp">
      <Filter>src\utils</Filter>
    </ClCompile>
    <ClCompile Include="src\utils\input\controller.cpp">
      <Filter>src\utils\input</Filter>
    </ClCompile>
    <ClCompile Include="src\utils\memory\memoryCacher.cpp">
      <Filter>src\utils\memory</Filter>
    </ClCompile>
  </ItemGroup>
  <ItemGroup>
    <ClInclude Include="src\stdafx.h" />
    <ClInclude Include="src\backend\hooking.h">
      <Filter>src\backend</Filter>
    </ClInclude>
    <ClInclude Include="src\backend\systemHooks.h">
      <Filter>src\backend</Filter>
    </ClInclude>
    <ClInclude Include="src\backend\titleHooks.h">
      <Filter>src\backend</Filter>
    </ClInclude>
    <ClInclude Include="src\engine\engine.h">
      <Filter>src\engine</Filter>
    </ClInclude>
    <ClInclude Include="src\menu\game.h">
      <Filter>src\menu</Filter>
    </ClInclude>
    <ClInclude Include="src\menu\menu.h">
      <Filter>src\menu</Filter>
    </ClInclude>
    <ClInclude Include="src\menu\renderer.h">
      <Filter>src\menu</Filter>
    </ClInclude>
    <ClInclude Include="src\menu\submenu.h">
      <Filter>src\menu</Filter>
    </ClInclude>
    <ClInclude Include="src\menu\submenuHandler.h">
      <Filter>src\menu</Filter>
    </ClInclude>
    <ClInclude Include="src\menu\options\buttonOption.h">
      <Filter>src\menu\options</Filter>
    </ClInclude>
    <ClInclude Include="src\menu\options\colorOption.h">
      <Filter>src\menu\options</Filter>
    </ClInclude>
    <ClInclude Include="src\menu\options\numberOption.h">
      <Filter>src\menu\options</Filter>
    </ClInclude>
    <ClInclude Include="src\menu\options\option.h">
      <Filter>src\menu\options</Filter>
    </ClInclude>
    <ClInclude Include="src\menu\options\scrollOption.h">
      <Filter>src\menu\options</Filter>
    </ClInclude>
    <ClInclude Include="src\menu\options\submenuOption.h">
      <Filter>src\menu\options</Filter>
    </ClInclude>
    <ClInclude Include="src\menu\options\toggleOption.h">
      <Filter>src\menu\options</Filter>
    </ClInclude>
    <ClInclude Include="src\menu\submenus\aimbotMenu.h">
      <Filter>src\menu\submenus</Filter>
    </ClInclude>
    <ClInclude Include="src\menu\submenus\hvhMenu.h">
      <Filter>src\menu\submenus</Filter>
    </ClInclude>
    <ClInclude Include="src\menu\submenus\mainMenu.h">
      <Filter>src\menu\submenus</Filter>
    </ClInclude>
    <ClInclude Include="src\menu\submenus\playersMenu.h">
      <Filter>src\menu\submenus</Filter>
    </ClInclude>
    <ClInclude Include="src\menu\submenus\settingsMenu.h">
      <Filter>src\menu\submenus</Filter>
    </ClInclude>
    <ClInclude Include="src\menu\submenus\visualMenu.h">
      <Filter>src\menu\submenus</Filter>
    </ClInclude>
    <ClInclude Include="src\menu\submenus\color\colorEditorMenu.h">
      <Filter>src\menu\submenus\color</Filter>
    </ClInclude>
    <ClInclude Include="src\menu\submenus\main\gamertagManagerMenu.h">
      <Filter>src\menu\submenus\main</Filter>
    </ClInclude>
    <ClInclude Include="src\menu\submenus\main\gamertagsMenu.h">
      <Filter>src\menu\submenus\main</Filter>
    </ClInclude>
    <ClInclude Include="src\menu\submenus\players\editPlayerMenu.h">
      <Filter>src\menu\submenus\players</Filter>
    </ClInclude>
    <ClInclude Include="src\menu\submenus\settings\configMenu.h">
      <Filter>src\menu\submenus\settings</Filter>
    </ClInclude>
    <ClInclude Include="src\menu\submenus\visual\compassMenu.h">
      <Filter>src\menu\submenus\visual</Filter>
    </ClInclude>
    <ClInclude Include="src\menu\submenus\visual\crosshairMenu.h">
      <Filter>src\menu\submenus\visual</Filter>
    </ClInclude>
    <ClInclude Include="src\menu\submenus\visual\espMenu.h">
      <Filter>src\menu\submenus\visual</Filter>
    </ClInclude>
    <ClInclude Include="src\menu\submenus\visual\gameInfoMenu.h">
      <Filter>src\menu\submenus\visual</Filter>
    </ClInclude>
    <ClInclude Include="src\menu\submenus\visual\indicatorMenu.h">
      <Filter>src\menu\submenus\visual</Filter>
    </ClInclude>
    <ClInclude Include="src\menu\utils\menuFunctions.h">
      <Filter>src\menu\utils</Filter>
    </ClInclude>
    <ClInclude Include="src\security\functionObfuscation.h">
      <Filter>src\security</Filter>
    </ClInclude>
    <ClInclude Include="src\security\nativeInvoker.h">
      <Filter>src\security</Filter>
    </ClInclude>
    <ClInclude Include="src\security\natives.h">
      <Filter>src\security</Filter>
    </ClInclude>
    <ClInclude Include="src\utils\enums.h">
      <Filter>src\utils</Filter>
    </ClInclude>
    <ClInclude Include="src\utils\fibers.h">
      <Filter>src\utils</Filter>
    </ClInclude>
    <ClInclude Include="src\utils\global.h">
      <Filter>src\utils</Filter>
    </ClInclude>
    <ClInclude Include="src\utils\ini.h">
      <Filter>src\utils</Filter>
    </ClInclude>
    <ClInclude Include="src\utils\interface.h">
      <Filter>src\utils</Filter>
    </ClInclude>
    <ClInclude Include="src\utils\log.h">
      <Filter>src\utils</Filter>
    </ClInclude>
    <ClInclude Include="src\utils\patches.h">
      <Filter>src\utils</Filter>
    </ClInclude>
    <ClInclude Include="src\utils\structs.h">
      <Filter>src\utils</Filter>
    </ClInclude>
    <ClInclude Include="src\utils\utils.h">
      <Filter>src\utils</Filter>
    </ClInclude>
    <ClInclude Include="src\utils\input\controller.h">
      <Filter>src\utils\input</Filter>
    </ClInclude>
    <ClInclude Include="src\utils\memory\memoryCacher.h">
      <Filter>src\utils\memory</Filter>
    </ClInclude>
  </ItemGroup>
  <ItemGroup>
    <None Include="Engine.def" />
    <None Include="Engine.xml" />
  </ItemGroup>
  <ItemGroup>
    <Filter Include="src">
      <UniqueIdentifier>{e7dba2e0-b35d-4df0-8709-6cd8ac47e31e}</UniqueIdentifier>
    </Filter>
    <Filter Include="src\backend">
      <UniqueIdentifier>{9b1a9f0e-d80c-4da2-aa69-e425350d4171}</UniqueIdentifier>
    </Filter>
    <Filter Include="src\engine">
      <UniqueIdentifier>{28b39e9d-e1aa-43ad-bccb-fcb4d2306bdf}</UniqueIdentifier>
    </Filter>
    <Filter Include="src\menu">
      <UniqueIdentifier>{0186c8a7-8d29-450f-b8c0-b8cb3de84342}</UniqueIdentifier>
    </Filter>
    <Filter Include="src\security">
      <UniqueIdentifier>{681ed3a0-e4a6-46ce-a17c-7656efe237b0}</UniqueIdentifier>
    </Filter>
    <Filter Include="src\utils">
      <UniqueIdentifier>{04a5d858-55de-4610-a8af-d2603bcad24f}</UniqueIdentifier>
    </Filter>
    <Filter Include="src\menu\submenus">
      <UniqueIdentifier>{33f878f5-1bf4-4b4c-9cd4-01725c3f0932}</UniqueIdentifier>
    </Filter>
    <Filter Include="src\menu\utils">
      <UniqueIdentifier>{466d4b9d-dedb-4b5a-a09c-0580d8eecf17}</UniqueIdentifier>
    </Filter>
    <Filter Include="src\menu\options">
      <UniqueIdentifier>{4e843d79-897c-4dae-9f74-95e3798854fc}</UniqueIdentifier>
    </Filter>
    <Filter Include="src\menu\submenus\color">
      <UniqueIdentifier>{a51614bb-e557-4e96-95b5-739ebbb1025a}</UniqueIdentifier>
    </Filter>
    <Filter Include="src\menu\submenus\main">
      <UniqueIdentifier>{7b09e151-d30a-42e1-b492-ebd2174c07da}</UniqueIdentifier>
    </Filter>
    <Filter Include="src\menu\submenus\settings">
      <UniqueIdentifier>{76a75c74-d072-4820-8dd5-5d82b7299033}</UniqueIdentifier>
    </Filter>
    <Filter Include="src\menu\submenus\visual">
      <UniqueIdentifier>{b7b0d4af-195c-479a-b635-03f98496d225}</UniqueIdentifier>
    </Filter>
    <Filter Include="src\menu\submenus\players">
      <UniqueIdentifier>{1d990a44-d2c2-4c43-8cb0-11a5eec47a38}</UniqueIdentifier>
    </Filter>
    <Filter Include="src\utils\input">
      <UniqueIdentifier>{4d0a3b3d-502a-46a0-ab13-9efa54e05218}</UniqueIdentifier>
    </Filter>
    <Filter Include="src\utils\memory">
      <UniqueIdentifier>{34dd1410-6a31-4057-87b1-e60b9eed89dd}</UniqueIdentifier>
    </Filter>
  </ItemGroup>
</Project>